
Microsoft Visual Studio Solution File, Format Version 12.00
Project("{FAE04EC0-301F-11D3-BF4B-00C04F79EFBC}") = "dotnet-ioc-multi-impl", "dotnet-ioc-multi-impl\dotnet-ioc-multi-impl.csproj", "{A7B6AF3E-8056-4BF0-8BC7-485975C2F72C}"
EndProject
Global
	GlobalSection(SolutionConfigurationPlatforms) = preSolution
		Debug|Any CPU = Debug|Any CPU
		Release|Any CPU = Release|Any CPU
	EndGlobalSection
	GlobalSection(ProjectConfigurationPlatforms) = postSolution
		{A7B6AF3E-8056-4BF0-8BC7-485975C2F72C}.Debug|Any CPU.ActiveCfg = Debug|Any CPU
		{A7B6AF3E-8056-4BF0-8BC7-485975C2F72C}.Debug|Any CPU.Build.0 = Debug|Any CPU
		{A7B6AF3E-8056-4BF0-8BC7-485975C2F72C}.Release|Any CPU.ActiveCfg = Release|Any CPU
		{A7B6AF3E-8056-4BF0-8BC7-485975C2F72C}.Release|Any CPU.Build.0 = Release|Any CPU
	EndGlobalSection
EndGlobal
